// !$*UTF8*$!
{
	archiveVersion = 1;
	classes = {
	};
	objectVersion = 46;
	objects = {

/* Begin PBXBuildFile section */
		8CE2CADD1AEA2BC60032F74D /* AppDelegate.swift in Sources */ = {isa = PBXBuildFile; fileRef = 8CE2CADC1AEA2BC60032F74D /* AppDelegate.swift */; };
		8CE2CAE51AEA2BC60032F74D /* Main.storyboard in Resources */ = {isa = PBXBuildFile; fileRef = 8CE2CAE31AEA2BC60032F74D /* Main.storyboard */; };
		8CE2CAEA1AEA2BC60032F74D /* LaunchScreen.xib in Resources */ = {isa = PBXBuildFile; fileRef = 8CE2CAE81AEA2BC60032F74D /* LaunchScreen.xib */; };
		8CE2CAF61AEA2BC60032F74D /* New_Orleans_In_PicturesTests.swift in Sources */ = {isa = PBXBuildFile; fileRef = 8CE2CAF51AEA2BC60032F74D /* New_Orleans_In_PicturesTests.swift */; };
		8CE2CB001AEA2D6B0032F74D /* GalleryVC.swift in Sources */ = {isa = PBXBuildFile; fileRef = 8CE2CAFF1AEA2D6B0032F74D /* GalleryVC.swift */; };
		8CE2CB011AEA2D6B0032F74D /* GalleryVC.swift in Sources */ = {isa = PBXBuildFile; fileRef = 8CE2CAFF1AEA2D6B0032F74D /* GalleryVC.swift */; };
		8CE2CB031AEA2F7F0032F74D /* PictureCell.swift in Sources */ = {isa = PBXBuildFile; fileRef = 8CE2CB021AEA2F7F0032F74D /* PictureCell.swift */; };
		8CE2CB041AEA2F7F0032F74D /* PictureCell.swift in Sources */ = {isa = PBXBuildFile; fileRef = 8CE2CB021AEA2F7F0032F74D /* PictureCell.swift */; };
		8CE2CB061AEA5A090032F74D /* SightsList.plist in Resources */ = {isa = PBXBuildFile; fileRef = 8CE2CB051AEA5A090032F74D /* SightsList.plist */; };
		8CE2CB071AEA5A090032F74D /* SightsList.plist in Resources */ = {isa = PBXBuildFile; fileRef = 8CE2CB051AEA5A090032F74D /* SightsList.plist */; };
		8CE2CB0F1AEA800F0032F74D /* HeaderView.swift in Sources */ = {isa = PBXBuildFile; fileRef = 8CE2CB0E1AEA800F0032F74D /* HeaderView.swift */; };
		8CE2CB101AEA800F0032F74D /* HeaderView.swift in Sources */ = {isa = PBXBuildFile; fileRef = 8CE2CB0E1AEA800F0032F74D /* HeaderView.swift */; };
		9873DF5A1B276C1F008FE5EF /* InterfaceController.swift in Sources */ = {isa = PBXBuildFile; fileRef = 9873DF591B276C1F008FE5EF /* InterfaceController.swift */; };
		9873DF5C1B276C1F008FE5EF /* NotificationController.swift in Sources */ = {isa = PBXBuildFile; fileRef = 9873DF5B1B276C1F008FE5EF /* NotificationController.swift */; };
		9873DF5E1B276C1F008FE5EF /* GlanceController.swift in Sources */ = {isa = PBXBuildFile; fileRef = 9873DF5D1B276C1F008FE5EF /* GlanceController.swift */; };
		9873DF601B276C1F008FE5EF /* Images.xcassets in Resources */ = {isa = PBXBuildFile; fileRef = 9873DF5F1B276C1F008FE5EF /* Images.xcassets */; };
		9873DF641B276C1F008FE5EF /* New Orleans In Pictures WatchKit App.app in Resources */ = {isa = PBXBuildFile; fileRef = 9873DF631B276C1F008FE5EF /* New Orleans In Pictures WatchKit App.app */; };
		9873DF6C1B276C1F008FE5EF /* Interface.storyboard in Resources */ = {isa = PBXBuildFile; fileRef = 9873DF6A1B276C1F008FE5EF /* Interface.storyboard */; };
		9873DF6E1B276C1F008FE5EF /* Images.xcassets in Resources */ = {isa = PBXBuildFile; fileRef = 9873DF6D1B276C1F008FE5EF /* Images.xcassets */; };
		9873DF711B276C1F008FE5EF /* New Orleans In Pictures WatchKit Extension.appex in Embed App Extensions */ = {isa = PBXBuildFile; fileRef = 9873DF541B276C1E008FE5EF /* New Orleans In Pictures WatchKit Extension.appex */; settings = {ATTRIBUTES = (RemoveHeadersOnCopy, ); }; };
		9873DF901B27A9A3008FE5EF /* CityKit.h in Headers */ = {isa = PBXBuildFile; fileRef = 9873DF8F1B27A9A3008FE5EF /* CityKit.h */; settings = {ATTRIBUTES = (Public, ); }; };
		9873DF961B27A9A3008FE5EF /* CityKit.framework in Frameworks */ = {isa = PBXBuildFile; fileRef = 9873DF8B1B27A9A3008FE5EF /* CityKit.framework */; };
		9873DF9F1B27A9A3008FE5EF /* CityKitTests.swift in Sources */ = {isa = PBXBuildFile; fileRef = 9873DF9E1B27A9A3008FE5EF /* CityKitTests.swift */; };
		9873DFA21B27A9A3008FE5EF /* CityKit.framework in Frameworks */ = {isa = PBXBuildFile; fileRef = 9873DF8B1B27A9A3008FE5EF /* CityKit.framework */; };
		9873DFA31B27A9A3008FE5EF /* CityKit.framework in Embed Frameworks */ = {isa = PBXBuildFile; fileRef = 9873DF8B1B27A9A3008FE5EF /* CityKit.framework */; settings = {ATTRIBUTES = (CodeSignOnCopy, RemoveHeadersOnCopy, ); }; };
		9873DFB01B27AA4B008FE5EF /* CityManage.swift in Sources */ = {isa = PBXBuildFile; fileRef = 9873DFAC1B27AA4B008FE5EF /* CityManage.swift */; };
		9873DFB21B27AA4B008FE5EF /* PointOfInterestManage.swift in Sources */ = {isa = PBXBuildFile; fileRef = 9873DFAE1B27AA4B008FE5EF /* PointOfInterestManage.swift */; };
		9873DFB31B27AA53008FE5EF /* New_Orleans_In_Pictures.xcdatamodeld in Sources */ = {isa = PBXBuildFile; fileRef = 8CE2CADE1AEA2BC60032F74D /* New_Orleans_In_Pictures.xcdatamodeld */; };
		9873DFB41B27AA59008FE5EF /* NewOrleanImageNames.plist in Resources */ = {isa = PBXBuildFile; fileRef = C07759011B15A37900F76ECA /* NewOrleanImageNames.plist */; };
		9873DFB51B27AA5F008FE5EF /* NewOrleanSightsLocations.plist in Resources */ = {isa = PBXBuildFile; fileRef = C07759041B15A38600F76ECA /* NewOrleanSightsLocations.plist */; };
		9873DFB71B27AA7E008FE5EF /* CoreDataStack.swift in Sources */ = {isa = PBXBuildFile; fileRef = 9873DFB61B27AA7E008FE5EF /* CoreDataStack.swift */; };
		9873DFBA1B27B14B008FE5EF /* Images.xcassets in Resources */ = {isa = PBXBuildFile; fileRef = 8CE2CAE61AEA2BC60032F74D /* Images.xcassets */; };
		9873DFF61B27CF49008FE5EF /* CoordinatesManage.swift in Sources */ = {isa = PBXBuildFile; fileRef = 9873DFF51B27CF49008FE5EF /* CoordinatesManage.swift */; };
		9873DFF91B2853E5008FE5EF /* AppDelegate.swift in Sources */ = {isa = PBXBuildFile; fileRef = 8CE2CADC1AEA2BC60032F74D /* AppDelegate.swift */; };
		9873E0011B288836008FE5EF /* Coordinates.swift in Sources */ = {isa = PBXBuildFile; fileRef = 9873E0001B288836008FE5EF /* Coordinates.swift */; };
		9873E0031B288837008FE5EF /* PointOfInterest.swift in Sources */ = {isa = PBXBuildFile; fileRef = 9873E0021B288837008FE5EF /* PointOfInterest.swift */; };
		9873E0051B288837008FE5EF /* City.swift in Sources */ = {isa = PBXBuildFile; fileRef = 9873E0041B288837008FE5EF /* City.swift */; };
		C02D94A71B331A000010A05D /* arrow_up.png in Resources */ = {isa = PBXBuildFile; fileRef = C02D94A61B331A000010A05D /* arrow_up.png */; };
		C03A69641B31B4E200DD2CD5 /* NewOrleanEdges.plist in Resources */ = {isa = PBXBuildFile; fileRef = C03A69631B31B4E200DD2CD5 /* NewOrleanEdges.plist */; };
		C03A69651B31B4E200DD2CD5 /* NewOrleanEdges.plist in Resources */ = {isa = PBXBuildFile; fileRef = C03A69631B31B4E200DD2CD5 /* NewOrleanEdges.plist */; };
		C04918261B26EC1200638F90 /* LocationTracker.swift in Sources */ = {isa = PBXBuildFile; fileRef = C04918251B26EC1200638F90 /* LocationTracker.swift */; };
		C04918271B26EC1200638F90 /* LocationTracker.swift in Sources */ = {isa = PBXBuildFile; fileRef = C04918251B26EC1200638F90 /* LocationTracker.swift */; };
		C064E6741B412064007CDFD3 /* NewOrlean.plist in Resources */ = {isa = PBXBuildFile; fileRef = C064E6731B412064007CDFD3 /* NewOrlean.plist */; };
		C064E6751B412064007CDFD3 /* NewOrlean.plist in Resources */ = {isa = PBXBuildFile; fileRef = C064E6731B412064007CDFD3 /* NewOrlean.plist */; };
		C07759001B159FBA00F76ECA /* MapKit.framework in Frameworks */ = {isa = PBXBuildFile; fileRef = C07758FF1B159FBA00F76ECA /* MapKit.framework */; };
		C07759081B15A4EF00F76ECA /* SightAnnotation.swift in Sources */ = {isa = PBXBuildFile; fileRef = C07759071B15A4EF00F76ECA /* SightAnnotation.swift */; };
		C07759091B15A4EF00F76ECA /* SightAnnotation.swift in Sources */ = {isa = PBXBuildFile; fileRef = C07759071B15A4EF00F76ECA /* SightAnnotation.swift */; };
		C077590B1B15A53700F76ECA /* SightAnnotationView.swift in Sources */ = {isa = PBXBuildFile; fileRef = C077590A1B15A53700F76ECA /* SightAnnotationView.swift */; };
		C077590C1B15A53700F76ECA /* SightAnnotationView.swift in Sources */ = {isa = PBXBuildFile; fileRef = C077590A1B15A53700F76ECA /* SightAnnotationView.swift */; };
		C07820091B170486002C95CB /* TableViewController.swift in Sources */ = {isa = PBXBuildFile; fileRef = C07820081B170486002C95CB /* TableViewController.swift */; };
		C078200A1B170486002C95CB /* TableViewController.swift in Sources */ = {isa = PBXBuildFile; fileRef = C07820081B170486002C95CB /* TableViewController.swift */; };
		C0A0A5231B134E060009E04A /* TransitionFromGalleryToDetail.swift in Sources */ = {isa = PBXBuildFile; fileRef = C0DCB7D21B131C7300ED5DCF /* TransitionFromGalleryToDetail.swift */; };
		C0A0A5251B1365810009E04A /* TransitionFromDetailToGallery.swift in Sources */ = {isa = PBXBuildFile; fileRef = C0A0A5241B1365810009E04A /* TransitionFromDetailToGallery.swift */; };
		C0A0A5261B1365810009E04A /* TransitionFromDetailToGallery.swift in Sources */ = {isa = PBXBuildFile; fileRef = C0A0A5241B1365810009E04A /* TransitionFromDetailToGallery.swift */; };
		C0B390B01B34176700248630 /* RigaSightsLocations.plist in Resources */ = {isa = PBXBuildFile; fileRef = C0B390AF1B34176700248630 /* RigaSightsLocations.plist */; };
		C0B390B11B34176700248630 /* RigaSightsLocations.plist in Resources */ = {isa = PBXBuildFile; fileRef = C0B390AF1B34176700248630 /* RigaSightsLocations.plist */; };
		C0D098491B2178F600D379F1 /* Texture_New_Orleans_1.png in Resources */ = {isa = PBXBuildFile; fileRef = C0D098471B2178F600D379F1 /* Texture_New_Orleans_1.png */; };
		C0D0984A1B2178F600D379F1 /* Texture_New_Orleans_1.png in Resources */ = {isa = PBXBuildFile; fileRef = C0D098471B2178F600D379F1 /* Texture_New_Orleans_1.png */; };
		C0D0984B1B2178F600D379F1 /* Texture_New_Orleans_2.png in Resources */ = {isa = PBXBuildFile; fileRef = C0D098481B2178F600D379F1 /* Texture_New_Orleans_2.png */; };
		C0D0984C1B2178F600D379F1 /* Texture_New_Orleans_2.png in Resources */ = {isa = PBXBuildFile; fileRef = C0D098481B2178F600D379F1 /* Texture_New_Orleans_2.png */; };
		C0DCB7D31B131C7300ED5DCF /* TransitionFromGalleryToDetail.swift in Sources */ = {isa = PBXBuildFile; fileRef = C0DCB7D21B131C7300ED5DCF /* TransitionFromGalleryToDetail.swift */; };
		C0F84C261B2F0A1B00A7B1B1 /* NewOrleanImageNames.plist in Resources */ = {isa = PBXBuildFile; fileRef = C07759011B15A37900F76ECA /* NewOrleanImageNames.plist */; };
		C0F84C271B2F0A3700A7B1B1 /* Images.xcassets in Resources */ = {isa = PBXBuildFile; fileRef = 8CE2CAE61AEA2BC60032F74D /* Images.xcassets */; };
		C0F84C281B2F0A3D00A7B1B1 /* NewOrleanSightsLocations.plist in Resources */ = {isa = PBXBuildFile; fileRef = C07759041B15A38600F76ECA /* NewOrleanSightsLocations.plist */; };
/* End PBXBuildFile section */

/* Begin PBXContainerItemProxy section */
		8CE2CAF01AEA2BC60032F74D /* PBXContainerItemProxy */ = {
			isa = PBXContainerItemProxy;
			containerPortal = 8CE2CACF1AEA2BC60032F74D /* Project object */;
			proxyType = 1;
			remoteGlobalIDString = 8CE2CAD61AEA2BC60032F74D;
			remoteInfo = "New Orleans In Pictures";
		};
		9873DF651B276C1F008FE5EF /* PBXContainerItemProxy */ = {
			isa = PBXContainerItemProxy;
			containerPortal = 8CE2CACF1AEA2BC60032F74D /* Project object */;
			proxyType = 1;
			remoteGlobalIDString = 9873DF621B276C1F008FE5EF;
			remoteInfo = "New Orleans In Pictures WatchKit App";
		};
		9873DF6F1B276C1F008FE5EF /* PBXContainerItemProxy */ = {
			isa = PBXContainerItemProxy;
			containerPortal = 8CE2CACF1AEA2BC60032F74D /* Project object */;
			proxyType = 1;
			remoteGlobalIDString = 9873DF531B276C1E008FE5EF;
			remoteInfo = "New Orleans In Pictures WatchKit Extension";
		};
		9873DF971B27A9A3008FE5EF /* PBXContainerItemProxy */ = {
			isa = PBXContainerItemProxy;
			containerPortal = 8CE2CACF1AEA2BC60032F74D /* Project object */;
			proxyType = 1;
			remoteGlobalIDString = 9873DF8A1B27A9A2008FE5EF;
			remoteInfo = CityKit;
		};
		9873DF991B27A9A3008FE5EF /* PBXContainerItemProxy */ = {
			isa = PBXContainerItemProxy;
			containerPortal = 8CE2CACF1AEA2BC60032F74D /* Project object */;
			proxyType = 1;
			remoteGlobalIDString = 8CE2CAD61AEA2BC60032F74D;
			remoteInfo = "New Orleans In Pictures";
		};
		9873DFA01B27A9A3008FE5EF /* PBXContainerItemProxy */ = {
			isa = PBXContainerItemProxy;
			containerPortal = 8CE2CACF1AEA2BC60032F74D /* Project object */;
			proxyType = 1;
			remoteGlobalIDString = 9873DF8A1B27A9A2008FE5EF;
			remoteInfo = CityKit;
		};
/* End PBXContainerItemProxy section */

/* Begin PBXCopyFilesBuildPhase section */
		9873DF781B276C1F008FE5EF /* Embed App Extensions */ = {
			isa = PBXCopyFilesBuildPhase;
			buildActionMask = 2147483647;
			dstPath = "";
			dstSubfolderSpec = 13;
			files = (
				9873DF711B276C1F008FE5EF /* New Orleans In Pictures WatchKit Extension.appex in Embed App Extensions */,
			);
			name = "Embed App Extensions";
			runOnlyForDeploymentPostprocessing = 0;
		};
		9873DFA71B27A9A3008FE5EF /* Embed Frameworks */ = {
			isa = PBXCopyFilesBuildPhase;
			buildActionMask = 2147483647;
			dstPath = "";
			dstSubfolderSpec = 10;
			files = (
				9873DFA31B27A9A3008FE5EF /* CityKit.framework in Embed Frameworks */,
			);
			name = "Embed Frameworks";
			runOnlyForDeploymentPostprocessing = 0;
		};
/* End PBXCopyFilesBuildPhase section */

/* Begin PBXFileReference section */
		8CE2CAD71AEA2BC60032F74D /* New Orleans In Pictures.app */ = {isa = PBXFileReference; explicitFileType = wrapper.application; includeInIndex = 0; path = "New Orleans In Pictures.app"; sourceTree = BUILT_PRODUCTS_DIR; };
		8CE2CADB1AEA2BC60032F74D /* Info.plist */ = {isa = PBXFileReference; lastKnownFileType = text.plist.xml; path = Info.plist; sourceTree = "<group>"; };
		8CE2CADC1AEA2BC60032F74D /* AppDelegate.swift */ = {isa = PBXFileReference; lastKnownFileType = sourcecode.swift; path = AppDelegate.swift; sourceTree = "<group>"; };
		8CE2CADF1AEA2BC60032F74D /* New_Orleans_In_Pictures.xcdatamodel */ = {isa = PBXFileReference; lastKnownFileType = wrapper.xcdatamodel; path = New_Orleans_In_Pictures.xcdatamodel; sourceTree = "<group>"; };
		8CE2CAE41AEA2BC60032F74D /* Base */ = {isa = PBXFileReference; lastKnownFileType = file.storyboard; name = Base; path = Base.lproj/Main.storyboard; sourceTree = "<group>"; };
		8CE2CAE61AEA2BC60032F74D /* Images.xcassets */ = {isa = PBXFileReference; lastKnownFileType = folder.assetcatalog; path = Images.xcassets; sourceTree = "<group>"; };
		8CE2CAE91AEA2BC60032F74D /* Base */ = {isa = PBXFileReference; lastKnownFileType = file.xib; name = Base; path = Base.lproj/LaunchScreen.xib; sourceTree = "<group>"; };
		8CE2CAEF1AEA2BC60032F74D /* New Orleans In PicturesTests.xctest */ = {isa = PBXFileReference; explicitFileType = wrapper.cfbundle; includeInIndex = 0; path = "New Orleans In PicturesTests.xctest"; sourceTree = BUILT_PRODUCTS_DIR; };
		8CE2CAF41AEA2BC60032F74D /* Info.plist */ = {isa = PBXFileReference; lastKnownFileType = text.plist.xml; path = Info.plist; sourceTree = "<group>"; };
		8CE2CAF51AEA2BC60032F74D /* New_Orleans_In_PicturesTests.swift */ = {isa = PBXFileReference; lastKnownFileType = sourcecode.swift; path = New_Orleans_In_PicturesTests.swift; sourceTree = "<group>"; };
		8CE2CAFF1AEA2D6B0032F74D /* GalleryVC.swift */ = {isa = PBXFileReference; fileEncoding = 4; lastKnownFileType = sourcecode.swift; path = GalleryVC.swift; sourceTree = "<group>"; };
		8CE2CB021AEA2F7F0032F74D /* PictureCell.swift */ = {isa = PBXFileReference; fileEncoding = 4; lastKnownFileType = sourcecode.swift; path = PictureCell.swift; sourceTree = "<group>"; };
		8CE2CB051AEA5A090032F74D /* SightsList.plist */ = {isa = PBXFileReference; fileEncoding = 4; lastKnownFileType = text.plist.xml; name = SightsList.plist; path = "New Orleans Images/SightsList.plist"; sourceTree = "<group>"; };
		8CE2CB0E1AEA800F0032F74D /* HeaderView.swift */ = {isa = PBXFileReference; fileEncoding = 4; lastKnownFileType = sourcecode.swift; path = HeaderView.swift; sourceTree = "<group>"; };
		9873DF541B276C1E008FE5EF /* New Orleans In Pictures WatchKit Extension.appex */ = {isa = PBXFileReference; explicitFileType = "wrapper.app-extension"; includeInIndex = 0; path = "New Orleans In Pictures WatchKit Extension.appex"; sourceTree = BUILT_PRODUCTS_DIR; };
		9873DF571B276C1F008FE5EF /* Info.plist */ = {isa = PBXFileReference; lastKnownFileType = text.plist.xml; path = Info.plist; sourceTree = "<group>"; };
		9873DF581B276C1F008FE5EF /* PushNotificationPayload.apns */ = {isa = PBXFileReference; lastKnownFileType = text; path = PushNotificationPayload.apns; sourceTree = "<group>"; };
		9873DF591B276C1F008FE5EF /* InterfaceController.swift */ = {isa = PBXFileReference; lastKnownFileType = sourcecode.swift; path = InterfaceController.swift; sourceTree = "<group>"; };
		9873DF5B1B276C1F008FE5EF /* NotificationController.swift */ = {isa = PBXFileReference; lastKnownFileType = sourcecode.swift; path = NotificationController.swift; sourceTree = "<group>"; };
		9873DF5D1B276C1F008FE5EF /* GlanceController.swift */ = {isa = PBXFileReference; lastKnownFileType = sourcecode.swift; path = GlanceController.swift; sourceTree = "<group>"; };
		9873DF5F1B276C1F008FE5EF /* Images.xcassets */ = {isa = PBXFileReference; lastKnownFileType = folder.assetcatalog; path = Images.xcassets; sourceTree = "<group>"; };
		9873DF631B276C1F008FE5EF /* New Orleans In Pictures WatchKit App.app */ = {isa = PBXFileReference; explicitFileType = wrapper.application; includeInIndex = 0; path = "New Orleans In Pictures WatchKit App.app"; sourceTree = BUILT_PRODUCTS_DIR; };
		9873DF691B276C1F008FE5EF /* Info.plist */ = {isa = PBXFileReference; lastKnownFileType = text.plist.xml; path = Info.plist; sourceTree = "<group>"; };
		9873DF6B1B276C1F008FE5EF /* Base */ = {isa = PBXFileReference; lastKnownFileType = file.storyboard; name = Base; path = Base.lproj/Interface.storyboard; sourceTree = "<group>"; };
		9873DF6D1B276C1F008FE5EF /* Images.xcassets */ = {isa = PBXFileReference; lastKnownFileType = folder.assetcatalog; path = Images.xcassets; sourceTree = "<group>"; };
		9873DF791B276C60008FE5EF /* New Orleans In Pictures WatchKit Extension.entitlements */ = {isa = PBXFileReference; lastKnownFileType = text.xml; path = "New Orleans In Pictures WatchKit Extension.entitlements"; sourceTree = "<group>"; };
		9873DF8B1B27A9A3008FE5EF /* CityKit.framework */ = {isa = PBXFileReference; explicitFileType = wrapper.framework; includeInIndex = 0; path = CityKit.framework; sourceTree = BUILT_PRODUCTS_DIR; };
		9873DF8E1B27A9A3008FE5EF /* Info.plist */ = {isa = PBXFileReference; lastKnownFileType = text.plist.xml; path = Info.plist; sourceTree = "<group>"; };
		9873DF8F1B27A9A3008FE5EF /* CityKit.h */ = {isa = PBXFileReference; lastKnownFileType = sourcecode.c.h; path = CityKit.h; sourceTree = "<group>"; };
		9873DF951B27A9A3008FE5EF /* CityKitTests.xctest */ = {isa = PBXFileReference; explicitFileType = wrapper.cfbundle; includeInIndex = 0; path = CityKitTests.xctest; sourceTree = BUILT_PRODUCTS_DIR; };
		9873DF9D1B27A9A3008FE5EF /* Info.plist */ = {isa = PBXFileReference; lastKnownFileType = text.plist.xml; path = Info.plist; sourceTree = "<group>"; };
		9873DF9E1B27A9A3008FE5EF /* CityKitTests.swift */ = {isa = PBXFileReference; lastKnownFileType = sourcecode.swift; path = CityKitTests.swift; sourceTree = "<group>"; };
		9873DFAC1B27AA4B008FE5EF /* CityManage.swift */ = {isa = PBXFileReference; fileEncoding = 4; lastKnownFileType = sourcecode.swift; path = CityManage.swift; sourceTree = "<group>"; };
		9873DFAE1B27AA4B008FE5EF /* PointOfInterestManage.swift */ = {isa = PBXFileReference; fileEncoding = 4; lastKnownFileType = sourcecode.swift; path = PointOfInterestManage.swift; sourceTree = "<group>"; };
		9873DFB61B27AA7E008FE5EF /* CoreDataStack.swift */ = {isa = PBXFileReference; fileEncoding = 4; lastKnownFileType = sourcecode.swift; path = CoreDataStack.swift; sourceTree = "<group>"; };
		9873DFF51B27CF49008FE5EF /* CoordinatesManage.swift */ = {isa = PBXFileReference; fileEncoding = 4; lastKnownFileType = sourcecode.swift; path = CoordinatesManage.swift; sourceTree = "<group>"; };
		9873E0001B288836008FE5EF /* Coordinates.swift */ = {isa = PBXFileReference; fileEncoding = 4; lastKnownFileType = sourcecode.swift; path = Coordinates.swift; sourceTree = "<group>"; };
		9873E0021B288837008FE5EF /* PointOfInterest.swift */ = {isa = PBXFileReference; fileEncoding = 4; lastKnownFileType = sourcecode.swift; path = PointOfInterest.swift; sourceTree = "<group>"; };
		9873E0041B288837008FE5EF /* City.swift */ = {isa = PBXFileReference; fileEncoding = 4; lastKnownFileType = sourcecode.swift; path = City.swift; sourceTree = "<group>"; };
		98ECD7B91B272CF400FF8D3F /* New Orleans In Pictures.entitlements */ = {isa = PBXFileReference; lastKnownFileType = text.xml; path = "New Orleans In Pictures.entitlements"; sourceTree = "<group>"; };
		C02D94A61B331A000010A05D /* arrow_up.png */ = {isa = PBXFileReference; lastKnownFileType = image.png; path = arrow_up.png; sourceTree = "<group>"; };
		C03A69631B31B4E200DD2CD5 /* NewOrleanEdges.plist */ = {isa = PBXFileReference; fileEncoding = 4; lastKnownFileType = text.plist.xml; path = NewOrleanEdges.plist; sourceTree = "<group>"; };
		C04918251B26EC1200638F90 /* LocationTracker.swift */ = {isa = PBXFileReference; fileEncoding = 4; lastKnownFileType = sourcecode.swift; path = LocationTracker.swift; sourceTree = "<group>"; };
		C064E6731B412064007CDFD3 /* NewOrlean.plist */ = {isa = PBXFileReference; fileEncoding = 4; lastKnownFileType = text.plist.xml; path = NewOrlean.plist; sourceTree = "<group>"; };
		C07758FF1B159FBA00F76ECA /* MapKit.framework */ = {isa = PBXFileReference; lastKnownFileType = wrapper.framework; name = MapKit.framework; path = System/Library/Frameworks/MapKit.framework; sourceTree = SDKROOT; };
		C07759011B15A37900F76ECA /* NewOrleanImageNames.plist */ = {isa = PBXFileReference; fileEncoding = 4; lastKnownFileType = text.plist.xml; name = NewOrleanImageNames.plist; path = "../New Orleans In Pictures/NewOrleanImageNames.plist"; sourceTree = "<group>"; };
		C07759041B15A38600F76ECA /* NewOrleanSightsLocations.plist */ = {isa = PBXFileReference; fileEncoding = 4; lastKnownFileType = text.plist.xml; name = NewOrleanSightsLocations.plist; path = "../New Orleans In Pictures/NewOrleanSightsLocations.plist"; sourceTree = "<group>"; };
		C07759071B15A4EF00F76ECA /* SightAnnotation.swift */ = {isa = PBXFileReference; fileEncoding = 4; lastKnownFileType = sourcecode.swift; path = SightAnnotation.swift; sourceTree = "<group>"; };
		C077590A1B15A53700F76ECA /* SightAnnotationView.swift */ = {isa = PBXFileReference; fileEncoding = 4; lastKnownFileType = sourcecode.swift; path = SightAnnotationView.swift; sourceTree = "<group>"; };
		C07820081B170486002C95CB /* TableViewController.swift */ = {isa = PBXFileReference; fileEncoding = 4; lastKnownFileType = sourcecode.swift; name = TableViewController.swift; path = ../TableViewController.swift; sourceTree = "<group>"; };
		C0A0A5241B1365810009E04A /* TransitionFromDetailToGallery.swift */ = {isa = PBXFileReference; fileEncoding = 4; lastKnownFileType = sourcecode.swift; path = TransitionFromDetailToGallery.swift; sourceTree = "<group>"; };
		C0B390AF1B34176700248630 /* RigaSightsLocations.plist */ = {isa = PBXFileReference; fileEncoding = 4; lastKnownFileType = text.plist.xml; path = RigaSightsLocations.plist; sourceTree = "<group>"; };
		C0D098471B2178F600D379F1 /* Texture_New_Orleans_1.png */ = {isa = PBXFileReference; lastKnownFileType = image.png; path = Texture_New_Orleans_1.png; sourceTree = "<group>"; };
		C0D098481B2178F600D379F1 /* Texture_New_Orleans_2.png */ = {isa = PBXFileReference; lastKnownFileType = image.png; path = Texture_New_Orleans_2.png; sourceTree = "<group>"; };
		C0DCB7D21B131C7300ED5DCF /* TransitionFromGalleryToDetail.swift */ = {isa = PBXFileReference; fileEncoding = 4; lastKnownFileType = sourcecode.swift; path = TransitionFromGalleryToDetail.swift; sourceTree = "<group>"; };
/* End PBXFileReference section */

/* Begin PBXFrameworksBuildPhase section */
		8CE2CAD41AEA2BC60032F74D /* Frameworks */ = {
			isa = PBXFrameworksBuildPhase;
			buildActionMask = 2147483647;
			files = (
				9873DFA21B27A9A3008FE5EF /* CityKit.framework in Frameworks */,
				C07759001B159FBA00F76ECA /* MapKit.framework in Frameworks */,
			);
			runOnlyForDeploymentPostprocessing = 0;
		};
		8CE2CAEC1AEA2BC60032F74D /* Frameworks */ = {
			isa = PBXFrameworksBuildPhase;
			buildActionMask = 2147483647;
			files = (
			);
			runOnlyForDeploymentPostprocessing = 0;
		};
		9873DF511B276C1E008FE5EF /* Frameworks */ = {
			isa = PBXFrameworksBuildPhase;
			buildActionMask = 2147483647;
			files = (
			);
			runOnlyForDeploymentPostprocessing = 0;
		};
		9873DF871B27A9A2008FE5EF /* Frameworks */ = {
			isa = PBXFrameworksBuildPhase;
			buildActionMask = 2147483647;
			files = (
			);
			runOnlyForDeploymentPostprocessing = 0;
		};
		9873DF921B27A9A3008FE5EF /* Frameworks */ = {
			isa = PBXFrameworksBuildPhase;
			buildActionMask = 2147483647;
			files = (
				9873DF961B27A9A3008FE5EF /* CityKit.framework in Frameworks */,
			);
			runOnlyForDeploymentPostprocessing = 0;
		};
/* End PBXFrameworksBuildPhase section */

/* Begin PBXGroup section */
		8CE2CACE1AEA2BC60032F74D = {
			isa = PBXGroup;
			children = (
				9873DF8C1B27A9A3008FE5EF /* CityKit */,
				8CE2CAD91AEA2BC60032F74D /* New Orleans In Pictures */,
				8CE2CAF21AEA2BC60032F74D /* New Orleans In PicturesTests */,
				9873DF551B276C1F008FE5EF /* New Orleans In Pictures WatchKit Extension */,
				9873DF671B276C1F008FE5EF /* New Orleans In Pictures WatchKit App */,
				9873DF9B1B27A9A3008FE5EF /* CityKitTests */,
				8CE2CAD81AEA2BC60032F74D /* Products */,
				C07758FF1B159FBA00F76ECA /* MapKit.framework */,
			);
			sourceTree = "<group>";
		};
		8CE2CAD81AEA2BC60032F74D /* Products */ = {
			isa = PBXGroup;
			children = (
				8CE2CAD71AEA2BC60032F74D /* New Orleans In Pictures.app */,
				8CE2CAEF1AEA2BC60032F74D /* New Orleans In PicturesTests.xctest */,
				9873DF541B276C1E008FE5EF /* New Orleans In Pictures WatchKit Extension.appex */,
				9873DF631B276C1F008FE5EF /* New Orleans In Pictures WatchKit App.app */,
				9873DF8B1B27A9A3008FE5EF /* CityKit.framework */,
				9873DF951B27A9A3008FE5EF /* CityKitTests.xctest */,
			);
			name = Products;
			sourceTree = "<group>";
		};
		8CE2CAD91AEA2BC60032F74D /* New Orleans In Pictures */ = {
			isa = PBXGroup;
			children = (
				98ECD7B91B272CF400FF8D3F /* New Orleans In Pictures.entitlements */,
				8CE2CADC1AEA2BC60032F74D /* AppDelegate.swift */,
				8CE2CAFF1AEA2D6B0032F74D /* GalleryVC.swift */,
				C07820081B170486002C95CB /* TableViewController.swift */,
				C07759071B15A4EF00F76ECA /* SightAnnotation.swift */,
				C077590A1B15A53700F76ECA /* SightAnnotationView.swift */,
				C0DCB7D21B131C7300ED5DCF /* TransitionFromGalleryToDetail.swift */,
				C0A0A5241B1365810009E04A /* TransitionFromDetailToGallery.swift */,
				C04918251B26EC1200638F90 /* LocationTracker.swift */,
				8CE2CB0D1AEA5DF80032F74D /* View */,
				8CE2CB081AEA5A0D0032F74D /* New Orleans Images */,
				8CE2CAE31AEA2BC60032F74D /* Main.storyboard */,
				8CE2CAE61AEA2BC60032F74D /* Images.xcassets */,
				8CE2CAE81AEA2BC60032F74D /* LaunchScreen.xib */,
				8CE2CADA1AEA2BC60032F74D /* Supporting Files */,
			);
			path = "New Orleans In Pictures";
			sourceTree = "<group>";
		};
		8CE2CADA1AEA2BC60032F74D /* Supporting Files */ = {
			isa = PBXGroup;
			children = (
				C02D94A61B331A000010A05D /* arrow_up.png */,
				C0D098471B2178F600D379F1 /* Texture_New_Orleans_1.png */,
				C0D098481B2178F600D379F1 /* Texture_New_Orleans_2.png */,
				8CE2CADB1AEA2BC60032F74D /* Info.plist */,
			);
			name = "Supporting Files";
			sourceTree = "<group>";
		};
		8CE2CAF21AEA2BC60032F74D /* New Orleans In PicturesTests */ = {
			isa = PBXGroup;
			children = (
				8CE2CAF51AEA2BC60032F74D /* New_Orleans_In_PicturesTests.swift */,
				8CE2CAF31AEA2BC60032F74D /* Supporting Files */,
			);
			path = "New Orleans In PicturesTests";
			sourceTree = "<group>";
		};
		8CE2CAF31AEA2BC60032F74D /* Supporting Files */ = {
			isa = PBXGroup;
			children = (
				8CE2CAF41AEA2BC60032F74D /* Info.plist */,
			);
			name = "Supporting Files";
			sourceTree = "<group>";
		};
		8CE2CB081AEA5A0D0032F74D /* New Orleans Images */ = {
			isa = PBXGroup;
			children = (
				8CE2CB051AEA5A090032F74D /* SightsList.plist */,
			);
			name = "New Orleans Images";
			sourceTree = "<group>";
		};
		8CE2CB0D1AEA5DF80032F74D /* View */ = {
			isa = PBXGroup;
			children = (
				8CE2CB021AEA2F7F0032F74D /* PictureCell.swift */,
				8CE2CB0E1AEA800F0032F74D /* HeaderView.swift */,
			);
			name = View;
			sourceTree = "<group>";
		};
		9873DF551B276C1F008FE5EF /* New Orleans In Pictures WatchKit Extension */ = {
			isa = PBXGroup;
			children = (
				9873DF791B276C60008FE5EF /* New Orleans In Pictures WatchKit Extension.entitlements */,
				9873DF591B276C1F008FE5EF /* InterfaceController.swift */,
				9873DF5B1B276C1F008FE5EF /* NotificationController.swift */,
				9873DF5D1B276C1F008FE5EF /* GlanceController.swift */,
				9873DF5F1B276C1F008FE5EF /* Images.xcassets */,
				9873DF561B276C1F008FE5EF /* Supporting Files */,
			);
			path = "New Orleans In Pictures WatchKit Extension";
			sourceTree = "<group>";
		};
		9873DF561B276C1F008FE5EF /* Supporting Files */ = {
			isa = PBXGroup;
			children = (
				9873DF571B276C1F008FE5EF /* Info.plist */,
				9873DF581B276C1F008FE5EF /* PushNotificationPayload.apns */,
			);
			name = "Supporting Files";
			sourceTree = "<group>";
		};
		9873DF671B276C1F008FE5EF /* New Orleans In Pictures WatchKit App */ = {
			isa = PBXGroup;
			children = (
				9873DF6A1B276C1F008FE5EF /* Interface.storyboard */,
				9873DF6D1B276C1F008FE5EF /* Images.xcassets */,
				9873DF681B276C1F008FE5EF /* Supporting Files */,
			);
			path = "New Orleans In Pictures WatchKit App";
			sourceTree = "<group>";
		};
		9873DF681B276C1F008FE5EF /* Supporting Files */ = {
			isa = PBXGroup;
			children = (
				9873DF691B276C1F008FE5EF /* Info.plist */,
			);
			name = "Supporting Files";
			sourceTree = "<group>";
		};
		9873DF8C1B27A9A3008FE5EF /* CityKit */ = {
			isa = PBXGroup;
			children = (
				9873DFB61B27AA7E008FE5EF /* CoreDataStack.swift */,
				9873DFF71B27D58C008FE5EF /* Objects */,
				9873DFF81B27D5B9008FE5EF /* Managing Objects */,
				C07759011B15A37900F76ECA /* NewOrleanImageNames.plist */,
				C07759041B15A38600F76ECA /* NewOrleanSightsLocations.plist */,
				C064E6731B412064007CDFD3 /* NewOrlean.plist */,
				9873DF8F1B27A9A3008FE5EF /* CityKit.h */,
				9873DF8D1B27A9A3008FE5EF /* Supporting Files */,
			);
			path = CityKit;
			sourceTree = "<group>";
		};
		9873DF8D1B27A9A3008FE5EF /* Supporting Files */ = {
			isa = PBXGroup;
			children = (
				8CE2CADE1AEA2BC60032F74D /* New_Orleans_In_Pictures.xcdatamodeld */,
				C03A69631B31B4E200DD2CD5 /* NewOrleanEdges.plist */,
				C0B390AF1B34176700248630 /* RigaSightsLocations.plist */,
				9873DF8E1B27A9A3008FE5EF /* Info.plist */,
			);
			name = "Supporting Files";
			sourceTree = "<group>";
		};
		9873DF9B1B27A9A3008FE5EF /* CityKitTests */ = {
			isa = PBXGroup;
			children = (
				9873DF9E1B27A9A3008FE5EF /* CityKitTests.swift */,
				9873DF9C1B27A9A3008FE5EF /* Supporting Files */,
			);
			path = CityKitTests;
			sourceTree = "<group>";
		};
		9873DF9C1B27A9A3008FE5EF /* Supporting Files */ = {
			isa = PBXGroup;
			children = (
				9873DF9D1B27A9A3008FE5EF /* Info.plist */,
			);
			name = "Supporting Files";
			sourceTree = "<group>";
		};
		9873DFF71B27D58C008FE5EF /* Objects */ = {
			isa = PBXGroup;
			children = (
				9873E0041B288837008FE5EF /* City.swift */,
				9873E0021B288837008FE5EF /* PointOfInterest.swift */,
				9873E0001B288836008FE5EF /* Coordinates.swift */,
			);
			name = Objects;
			sourceTree = "<group>";
		};
		9873DFF81B27D5B9008FE5EF /* Managing Objects */ = {
			isa = PBXGroup;
			children = (
				9873DFAC1B27AA4B008FE5EF /* CityManage.swift */,
				9873DFAE1B27AA4B008FE5EF /* PointOfInterestManage.swift */,
				9873DFF51B27CF49008FE5EF /* CoordinatesManage.swift */,
			);
			name = "Managing Objects";
			sourceTree = "<group>";
		};
/* End PBXGroup section */

/* Begin PBXHeadersBuildPhase section */
		9873DF881B27A9A2008FE5EF /* Headers */ = {
			isa = PBXHeadersBuildPhase;
			buildActionMask = 2147483647;
			files = (
				9873DF901B27A9A3008FE5EF /* CityKit.h in Headers */,
			);
			runOnlyForDeploymentPostprocessing = 0;
		};
/* End PBXHeadersBuildPhase section */

/* Begin PBXNativeTarget section */
		8CE2CAD61AEA2BC60032F74D /* New Orleans In Pictures */ = {
			isa = PBXNativeTarget;
			buildConfigurationList = 8CE2CAF91AEA2BC60032F74D /* Build configuration list for PBXNativeTarget "New Orleans In Pictures" */;
			buildPhases = (
				8CE2CAD31AEA2BC60032F74D /* Sources */,
				8CE2CAD41AEA2BC60032F74D /* Frameworks */,
				8CE2CAD51AEA2BC60032F74D /* Resources */,
				9873DF781B276C1F008FE5EF /* Embed App Extensions */,
				9873DFA71B27A9A3008FE5EF /* Embed Frameworks */,
			);
			buildRules = (
			);
			dependencies = (
				9873DF701B276C1F008FE5EF /* PBXTargetDependency */,
				9873DFA11B27A9A3008FE5EF /* PBXTargetDependency */,
			);
			name = "New Orleans In Pictures";
			productName = "New Orleans In Pictures";
			productReference = 8CE2CAD71AEA2BC60032F74D /* New Orleans In Pictures.app */;
			productType = "com.apple.product-type.application";
		};
		8CE2CAEE1AEA2BC60032F74D /* New Orleans In PicturesTests */ = {
			isa = PBXNativeTarget;
			buildConfigurationList = 8CE2CAFC1AEA2BC60032F74D /* Build configuration list for PBXNativeTarget "New Orleans In PicturesTests" */;
			buildPhases = (
				8CE2CAEB1AEA2BC60032F74D /* Sources */,
				8CE2CAEC1AEA2BC60032F74D /* Frameworks */,
				8CE2CAED1AEA2BC60032F74D /* Resources */,
			);
			buildRules = (
			);
			dependencies = (
				8CE2CAF11AEA2BC60032F74D /* PBXTargetDependency */,
			);
			name = "New Orleans In PicturesTests";
			productName = "New Orleans In PicturesTests";
			productReference = 8CE2CAEF1AEA2BC60032F74D /* New Orleans In PicturesTests.xctest */;
			productType = "com.apple.product-type.bundle.unit-test";
		};
		9873DF531B276C1E008FE5EF /* New Orleans In Pictures WatchKit Extension */ = {
			isa = PBXNativeTarget;
			buildConfigurationList = 9873DF751B276C1F008FE5EF /* Build configuration list for PBXNativeTarget "New Orleans In Pictures WatchKit Extension" */;
			buildPhases = (
				9873DF501B276C1E008FE5EF /* Sources */,
				9873DF511B276C1E008FE5EF /* Frameworks */,
				9873DF521B276C1E008FE5EF /* Resources */,
			);
			buildRules = (
			);
			dependencies = (
				9873DF661B276C1F008FE5EF /* PBXTargetDependency */,
			);
			name = "New Orleans In Pictures WatchKit Extension";
			productName = "New Orleans In Pictures WatchKit Extension";
			productReference = 9873DF541B276C1E008FE5EF /* New Orleans In Pictures WatchKit Extension.appex */;
			productType = "com.apple.product-type.watchkit-extension";
		};
		9873DF621B276C1F008FE5EF /* New Orleans In Pictures WatchKit App */ = {
			isa = PBXNativeTarget;
			buildConfigurationList = 9873DF721B276C1F008FE5EF /* Build configuration list for PBXNativeTarget "New Orleans In Pictures WatchKit App" */;
			buildPhases = (
				9873DF611B276C1F008FE5EF /* Resources */,
			);
			buildRules = (
			);
			dependencies = (
			);
			name = "New Orleans In Pictures WatchKit App";
			productName = "New Orleans In Pictures WatchKit App";
			productReference = 9873DF631B276C1F008FE5EF /* New Orleans In Pictures WatchKit App.app */;
			productType = "com.apple.product-type.application.watchapp";
		};
		9873DF8A1B27A9A2008FE5EF /* CityKit */ = {
			isa = PBXNativeTarget;
			buildConfigurationList = 9873DFA41B27A9A3008FE5EF /* Build configuration list for PBXNativeTarget "CityKit" */;
			buildPhases = (
				9873DF861B27A9A2008FE5EF /* Sources */,
				9873DF871B27A9A2008FE5EF /* Frameworks */,
				9873DF881B27A9A2008FE5EF /* Headers */,
				9873DF891B27A9A2008FE5EF /* Resources */,
			);
			buildRules = (
			);
			dependencies = (
			);
			name = CityKit;
			productName = CityKit;
			productReference = 9873DF8B1B27A9A3008FE5EF /* CityKit.framework */;
			productType = "com.apple.product-type.framework";
		};
		9873DF941B27A9A3008FE5EF /* CityKitTests */ = {
			isa = PBXNativeTarget;
			buildConfigurationList = 9873DFA81B27A9A3008FE5EF /* Build configuration list for PBXNativeTarget "CityKitTests" */;
			buildPhases = (
				9873DF911B27A9A3008FE5EF /* Sources */,
				9873DF921B27A9A3008FE5EF /* Frameworks */,
				9873DF931B27A9A3008FE5EF /* Resources */,
			);
			buildRules = (
			);
			dependencies = (
				9873DF981B27A9A3008FE5EF /* PBXTargetDependency */,
				9873DF9A1B27A9A3008FE5EF /* PBXTargetDependency */,
			);
			name = CityKitTests;
			productName = CityKitTests;
			productReference = 9873DF951B27A9A3008FE5EF /* CityKitTests.xctest */;
			productType = "com.apple.product-type.bundle.unit-test";
		};
/* End PBXNativeTarget section */

/* Begin PBXProject section */
		8CE2CACF1AEA2BC60032F74D /* Project object */ = {
			isa = PBXProject;
			attributes = {
				LastUpgradeCheck = 0630;
				ORGANIZATIONNAME = "D Integralas";
				TargetAttributes = {
					8CE2CAD61AEA2BC60032F74D = {
						CreatedOnToolsVersion = 6.3.1;
						DevelopmentTeam = EYWEP6YJP9;
						SystemCapabilities = {
							com.apple.ApplicationGroups.iOS = {
								enabled = 1;
							};
							com.apple.HomeKit = {
								enabled = 0;
							};
						};
					};
					8CE2CAEE1AEA2BC60032F74D = {
						CreatedOnToolsVersion = 6.3.1;
						TestTargetID = 8CE2CAD61AEA2BC60032F74D;
					};
					9873DF531B276C1E008FE5EF = {
						CreatedOnToolsVersion = 6.3.2;
						DevelopmentTeam = EYWEP6YJP9;
						SystemCapabilities = {
							com.apple.ApplicationGroups.iOS = {
								enabled = 1;
							};
						};
					};
					9873DF621B276C1F008FE5EF = {
						CreatedOnToolsVersion = 6.3.2;
					};
					9873DF8A1B27A9A2008FE5EF = {
						CreatedOnToolsVersion = 6.3.2;
						DevelopmentTeam = EYWEP6YJP9;
					};
					9873DF941B27A9A3008FE5EF = {
						CreatedOnToolsVersion = 6.3.2;
						TestTargetID = 8CE2CAD61AEA2BC60032F74D;
					};
				};
			};
			buildConfigurationList = 8CE2CAD21AEA2BC60032F74D /* Build configuration list for PBXProject "New Orleans In Pictures" */;
			compatibilityVersion = "Xcode 3.2";
			developmentRegion = English;
			hasScannedForEncodings = 0;
			knownRegions = (
				en,
				Base,
			);
			mainGroup = 8CE2CACE1AEA2BC60032F74D;
			productRefGroup = 8CE2CAD81AEA2BC60032F74D /* Products */;
			projectDirPath = "";
			projectRoot = "";
			targets = (
				8CE2CAD61AEA2BC60032F74D /* New Orleans In Pictures */,
				8CE2CAEE1AEA2BC60032F74D /* New Orleans In PicturesTests */,
				9873DF531B276C1E008FE5EF /* New Orleans In Pictures WatchKit Extension */,
				9873DF621B276C1F008FE5EF /* New Orleans In Pictures WatchKit App */,
				9873DF8A1B27A9A2008FE5EF /* CityKit */,
				9873DF941B27A9A3008FE5EF /* CityKitTests */,
			);
		};
/* End PBXProject section */

/* Begin PBXResourcesBuildPhase section */
		8CE2CAD51AEA2BC60032F74D /* Resources */ = {
			isa = PBXResourcesBuildPhase;
			buildActionMask = 2147483647;
			files = (
				C02D94A71B331A000010A05D /* arrow_up.png in Resources */,
				8CE2CB061AEA5A090032F74D /* SightsList.plist in Resources */,
				C0F84C281B2F0A3D00A7B1B1 /* NewOrleanSightsLocations.plist in Resources */,
				C0D0984B1B2178F600D379F1 /* Texture_New_Orleans_2.png in Resources */,
				C0F84C271B2F0A3700A7B1B1 /* Images.xcassets in Resources */,
				8CE2CAE51AEA2BC60032F74D /* Main.storyboard in Resources */,
				C064E6741B412064007CDFD3 /* NewOrlean.plist in Resources */,
				C0F84C261B2F0A1B00A7B1B1 /* NewOrleanImageNames.plist in Resources */,
				8CE2CAEA1AEA2BC60032F74D /* LaunchScreen.xib in Resources */,
				C03A69641B31B4E200DD2CD5 /* NewOrleanEdges.plist in Resources */,
				C0D098491B2178F600D379F1 /* Texture_New_Orleans_1.png in Resources */,
				C0B390B01B34176700248630 /* RigaSightsLocations.plist in Resources */,
			);
			runOnlyForDeploymentPostprocessing = 0;
		};
		8CE2CAED1AEA2BC60032F74D /* Resources */ = {
			isa = PBXResourcesBuildPhase;
			buildActionMask = 2147483647;
			files = (
				C0D0984C1B2178F600D379F1 /* Texture_New_Orleans_2.png in Resources */,
				8CE2CB071AEA5A090032F74D /* SightsList.plist in Resources */,
				C0D0984A1B2178F600D379F1 /* Texture_New_Orleans_1.png in Resources */,
			);
			runOnlyForDeploymentPostprocessing = 0;
		};
		9873DF521B276C1E008FE5EF /* Resources */ = {
			isa = PBXResourcesBuildPhase;
			buildActionMask = 2147483647;
			files = (
				9873DF601B276C1F008FE5EF /* Images.xcassets in Resources */,
				9873DF641B276C1F008FE5EF /* New Orleans In Pictures WatchKit App.app in Resources */,
			);
			runOnlyForDeploymentPostprocessing = 0;
		};
		9873DF611B276C1F008FE5EF /* Resources */ = {
			isa = PBXResourcesBuildPhase;
			buildActionMask = 2147483647;
			files = (
				9873DF6C1B276C1F008FE5EF /* Interface.storyboard in Resources */,
				9873DF6E1B276C1F008FE5EF /* Images.xcassets in Resources */,
			);
			runOnlyForDeploymentPostprocessing = 0;
		};
		9873DF891B27A9A2008FE5EF /* Resources */ = {
			isa = PBXResourcesBuildPhase;
			buildActionMask = 2147483647;
			files = (
				C064E6751B412064007CDFD3 /* NewOrlean.plist in Resources */,
				9873DFBA1B27B14B008FE5EF /* Images.xcassets in Resources */,
				9873DFB41B27AA59008FE5EF /* NewOrleanImageNames.plist in Resources */,
				C03A69651B31B4E200DD2CD5 /* NewOrleanEdges.plist in Resources */,
				9873DFB51B27AA5F008FE5EF /* NewOrleanSightsLocations.plist in Resources */,
				C0B390B11B34176700248630 /* RigaSightsLocations.plist in Resources */,
			);
			runOnlyForDeploymentPostprocessing = 0;
		};
		9873DF931B27A9A3008FE5EF /* Resources */ = {
			isa = PBXResourcesBuildPhase;
			buildActionMask = 2147483647;
			files = (
			);
			runOnlyForDeploymentPostprocessing = 0;
		};
/* End PBXResourcesBuildPhase section */

/* Begin PBXSourcesBuildPhase section */
		8CE2CAD31AEA2BC60032F74D /* Sources */ = {
			isa = PBXSourcesBuildPhase;
			buildActionMask = 2147483647;
			files = (
				C0DCB7D31B131C7300ED5DCF /* TransitionFromGalleryToDetail.swift in Sources */,
				C07820091B170486002C95CB /* TableViewController.swift in Sources */,
				C0A0A5251B1365810009E04A /* TransitionFromDetailToGallery.swift in Sources */,
				8CE2CB031AEA2F7F0032F74D /* PictureCell.swift in Sources */,
				8CE2CB0F1AEA800F0032F74D /* HeaderView.swift in Sources */,
				C04918261B26EC1200638F90 /* LocationTracker.swift in Sources */,
				C07759081B15A4EF00F76ECA /* SightAnnotation.swift in Sources */,
				C077590B1B15A53700F76ECA /* SightAnnotationView.swift in Sources */,
				8CE2CADD1AEA2BC60032F74D /* AppDelegate.swift in Sources */,
				8CE2CB001AEA2D6B0032F74D /* GalleryVC.swift in Sources */,
			);
			runOnlyForDeploymentPostprocessing = 0;
		};
		8CE2CAEB1AEA2BC60032F74D /* Sources */ = {
			isa = PBXSourcesBuildPhase;
			buildActionMask = 2147483647;
			files = (
				C0A0A5231B134E060009E04A /* TransitionFromGalleryToDetail.swift in Sources */,
				9873DFF91B2853E5008FE5EF /* AppDelegate.swift in Sources */,
				C078200A1B170486002C95CB /* TableViewController.swift in Sources */,
				C0A0A5261B1365810009E04A /* TransitionFromDetailToGallery.swift in Sources */,
				8CE2CB101AEA800F0032F74D /* HeaderView.swift in Sources */,
				8CE2CAF61AEA2BC60032F74D /* New_Orleans_In_PicturesTests.swift in Sources */,
				C04918271B26EC1200638F90 /* LocationTracker.swift in Sources */,
				C07759091B15A4EF00F76ECA /* SightAnnotation.swift in Sources */,
				C077590C1B15A53700F76ECA /* SightAnnotationView.swift in Sources */,
				8CE2CB011AEA2D6B0032F74D /* GalleryVC.swift in Sources */,
				8CE2CB041AEA2F7F0032F74D /* PictureCell.swift in Sources */,
			);
			runOnlyForDeploymentPostprocessing = 0;
		};
		9873DF501B276C1E008FE5EF /* Sources */ = {
			isa = PBXSourcesBuildPhase;
			buildActionMask = 2147483647;
			files = (
				9873DF5C1B276C1F008FE5EF /* NotificationController.swift in Sources */,
				9873DF5A1B276C1F008FE5EF /* InterfaceController.swift in Sources */,
				9873DF5E1B276C1F008FE5EF /* GlanceController.swift in Sources */,
			);
			runOnlyForDeploymentPostprocessing = 0;
		};
		9873DF861B27A9A2008FE5EF /* Sources */ = {
			isa = PBXSourcesBuildPhase;
			buildActionMask = 2147483647;
			files = (
				9873DFB21B27AA4B008FE5EF /* PointOfInterestManage.swift in Sources */,
				9873DFB71B27AA7E008FE5EF /* CoreDataStack.swift in Sources */,
				9873DFB01B27AA4B008FE5EF /* CityManage.swift in Sources */,
				9873DFF61B27CF49008FE5EF /* CoordinatesManage.swift in Sources */,
				9873DFB31B27AA53008FE5EF /* New_Orleans_In_Pictures.xcdatamodeld in Sources */,
				9873E0031B288837008FE5EF /* PointOfInterest.swift in Sources */,
				9873E0051B288837008FE5EF /* City.swift in Sources */,
				9873E0011B288836008FE5EF /* Coordinates.swift in Sources */,
			);
			runOnlyForDeploymentPostprocessing = 0;
		};
		9873DF911B27A9A3008FE5EF /* Sources */ = {
			isa = PBXSourcesBuildPhase;
			buildActionMask = 2147483647;
			files = (
				9873DF9F1B27A9A3008FE5EF /* CityKitTests.swift in Sources */,
			);
			runOnlyForDeploymentPostprocessing = 0;
		};
/* End PBXSourcesBuildPhase section */

/* Begin PBXTargetDependency section */
		8CE2CAF11AEA2BC60032F74D /* PBXTargetDependency */ = {
			isa = PBXTargetDependency;
			target = 8CE2CAD61AEA2BC60032F74D /* New Orleans In Pictures */;
			targetProxy = 8CE2CAF01AEA2BC60032F74D /* PBXContainerItemProxy */;
		};
		9873DF661B276C1F008FE5EF /* PBXTargetDependency */ = {
			isa = PBXTargetDependency;
			target = 9873DF621B276C1F008FE5EF /* New Orleans In Pictures WatchKit App */;
			targetProxy = 9873DF651B276C1F008FE5EF /* PBXContainerItemProxy */;
		};
		9873DF701B276C1F008FE5EF /* PBXTargetDependency */ = {
			isa = PBXTargetDependency;
			target = 9873DF531B276C1E008FE5EF /* New Orleans In Pictures WatchKit Extension */;
			targetProxy = 9873DF6F1B276C1F008FE5EF /* PBXContainerItemProxy */;
		};
		9873DF981B27A9A3008FE5EF /* PBXTargetDependency */ = {
			isa = PBXTargetDependency;
			target = 9873DF8A1B27A9A2008FE5EF /* CityKit */;
			targetProxy = 9873DF971B27A9A3008FE5EF /* PBXContainerItemProxy */;
		};
		9873DF9A1B27A9A3008FE5EF /* PBXTargetDependency */ = {
			isa = PBXTargetDependency;
			target = 8CE2CAD61AEA2BC60032F74D /* New Orleans In Pictures */;
			targetProxy = 9873DF991B27A9A3008FE5EF /* PBXContainerItemProxy */;
		};
		9873DFA11B27A9A3008FE5EF /* PBXTargetDependency */ = {
			isa = PBXTargetDependency;
			target = 9873DF8A1B27A9A2008FE5EF /* CityKit */;
			targetProxy = 9873DFA01B27A9A3008FE5EF /* PBXContainerItemProxy */;
		};
/* End PBXTargetDependency section */

/* Begin PBXVariantGroup section */
		8CE2CAE31AEA2BC60032F74D /* Main.storyboard */ = {
			isa = PBXVariantGroup;
			children = (
				8CE2CAE41AEA2BC60032F74D /* Base */,
			);
			name = Main.storyboard;
			sourceTree = "<group>";
		};
		8CE2CAE81AEA2BC60032F74D /* LaunchScreen.xib */ = {
			isa = PBXVariantGroup;
			children = (
				8CE2CAE91AEA2BC60032F74D /* Base */,
			);
			name = LaunchScreen.xib;
			sourceTree = "<group>";
		};
		9873DF6A1B276C1F008FE5EF /* Interface.storyboard */ = {
			isa = PBXVariantGroup;
			children = (
				9873DF6B1B276C1F008FE5EF /* Base */,
			);
			name = Interface.storyboard;
			sourceTree = "<group>";
		};
/* End PBXVariantGroup section */

/* Begin XCBuildConfiguration section */
		8CE2CAF71AEA2BC60032F74D /* Debug */ = {
			isa = XCBuildConfiguration;
			buildSettings = {
				ALWAYS_SEARCH_USER_PATHS = NO;
				CLANG_CXX_LANGUAGE_STANDARD = "gnu++0x";
				CLANG_CXX_LIBRARY = "libc++";
				CLANG_ENABLE_MODULES = YES;
				CLANG_ENABLE_OBJC_ARC = YES;
				CLANG_WARN_BOOL_CONVERSION = YES;
				CLANG_WARN_CONSTANT_CONVERSION = YES;
				CLANG_WARN_DIRECT_OBJC_ISA_USAGE = YES_ERROR;
				CLANG_WARN_EMPTY_BODY = YES;
				CLANG_WARN_ENUM_CONVERSION = YES;
				CLANG_WARN_INT_CONVERSION = YES;
				CLANG_WARN_OBJC_ROOT_CLASS = YES_ERROR;
				CLANG_WARN_UNREACHABLE_CODE = YES;
				CLANG_WARN__DUPLICATE_METHOD_MATCH = YES;
				"CODE_SIGN_IDENTITY[sdk=iphoneos*]" = "iPhone Developer";
				COPY_PHASE_STRIP = NO;
				DEBUG_INFORMATION_FORMAT = "dwarf-with-dsym";
				ENABLE_STRICT_OBJC_MSGSEND = YES;
				GCC_C_LANGUAGE_STANDARD = gnu99;
				GCC_DYNAMIC_NO_PIC = NO;
				GCC_NO_COMMON_BLOCKS = YES;
				GCC_OPTIMIZATION_LEVEL = 0;
				GCC_PREPROCESSOR_DEFINITIONS = (
					"DEBUG=1",
					"$(inherited)",
				);
				GCC_SYMBOLS_PRIVATE_EXTERN = NO;
				GCC_WARN_64_TO_32_BIT_CONVERSION = YES;
				GCC_WARN_ABOUT_RETURN_TYPE = YES_ERROR;
				GCC_WARN_UNDECLARED_SELECTOR = YES;
				GCC_WARN_UNINITIALIZED_AUTOS = YES_AGGRESSIVE;
				GCC_WARN_UNUSED_FUNCTION = YES;
				GCC_WARN_UNUSED_VARIABLE = YES;
				IPHONEOS_DEPLOYMENT_TARGET = 8.3;
				MTL_ENABLE_DEBUG_INFO = YES;
				ONLY_ACTIVE_ARCH = YES;
				SDKROOT = iphoneos;
				SWIFT_OPTIMIZATION_LEVEL = "-Onone";
				TARGETED_DEVICE_FAMILY = "1,2";
			};
			name = Debug;
		};
		8CE2CAF81AEA2BC60032F74D /* Release */ = {
			isa = XCBuildConfiguration;
			buildSettings = {
				ALWAYS_SEARCH_USER_PATHS = NO;
				CLANG_CXX_LANGUAGE_STANDARD = "gnu++0x";
				CLANG_CXX_LIBRARY = "libc++";
				CLANG_ENABLE_MODULES = YES;
				CLANG_ENABLE_OBJC_ARC = YES;
				CLANG_WARN_BOOL_CONVERSION = YES;
				CLANG_WARN_CONSTANT_CONVERSION = YES;
				CLANG_WARN_DIRECT_OBJC_ISA_USAGE = YES_ERROR;
				CLANG_WARN_EMPTY_BODY = YES;
				CLANG_WARN_ENUM_CONVERSION = YES;
				CLANG_WARN_INT_CONVERSION = YES;
				CLANG_WARN_OBJC_ROOT_CLASS = YES_ERROR;
				CLANG_WARN_UNREACHABLE_CODE = YES;
				CLANG_WARN__DUPLICATE_METHOD_MATCH = YES;
				"CODE_SIGN_IDENTITY[sdk=iphoneos*]" = "iPhone Developer";
				COPY_PHASE_STRIP = NO;
				DEBUG_INFORMATION_FORMAT = "dwarf-with-dsym";
				ENABLE_NS_ASSERTIONS = NO;
				ENABLE_STRICT_OBJC_MSGSEND = YES;
				GCC_C_LANGUAGE_STANDARD = gnu99;
				GCC_NO_COMMON_BLOCKS = YES;
				GCC_WARN_64_TO_32_BIT_CONVERSION = YES;
				GCC_WARN_ABOUT_RETURN_TYPE = YES_ERROR;
				GCC_WARN_UNDECLARED_SELECTOR = YES;
				GCC_WARN_UNINITIALIZED_AUTOS = YES_AGGRESSIVE;
				GCC_WARN_UNUSED_FUNCTION = YES;
				GCC_WARN_UNUSED_VARIABLE = YES;
				IPHONEOS_DEPLOYMENT_TARGET = 8.3;
				MTL_ENABLE_DEBUG_INFO = NO;
				SDKROOT = iphoneos;
				TARGETED_DEVICE_FAMILY = "1,2";
				VALIDATE_PRODUCT = YES;
			};
			name = Release;
		};
		8CE2CAFA1AEA2BC60032F74D /* Debug */ = {
			isa = XCBuildConfiguration;
			buildSettings = {
				ASSETCATALOG_COMPILER_APPICON_NAME = AppIcon;
				CODE_SIGN_ENTITLEMENTS = "New Orleans In Pictures/New Orleans In Pictures.entitlements";
				CODE_SIGN_IDENTITY = "iPhone Developer";
				"CODE_SIGN_IDENTITY[sdk=iphoneos*]" = "iPhone Developer";
				INFOPLIST_FILE = "New Orleans In Pictures/Info.plist";
				LD_RUNPATH_SEARCH_PATHS = "$(inherited) @executable_path/Frameworks";
				PRODUCT_NAME = "$(TARGET_NAME)";
				PROVISIONING_PROFILE = "";
			};
			name = Debug;
		};
		8CE2CAFB1AEA2BC60032F74D /* Release */ = {
			isa = XCBuildConfiguration;
			buildSettings = {
				ASSETCATALOG_COMPILER_APPICON_NAME = AppIcon;
				CODE_SIGN_ENTITLEMENTS = "New Orleans In Pictures/New Orleans In Pictures.entitlements";
				CODE_SIGN_IDENTITY = "iPhone Developer";
				"CODE_SIGN_IDENTITY[sdk=iphoneos*]" = "iPhone Developer";
				INFOPLIST_FILE = "New Orleans In Pictures/Info.plist";
				LD_RUNPATH_SEARCH_PATHS = "$(inherited) @executable_path/Frameworks";
				PRODUCT_NAME = "$(TARGET_NAME)";
				PROVISIONING_PROFILE = "";
			};
			name = Release;
		};
		8CE2CAFD1AEA2BC60032F74D /* Debug */ = {
			isa = XCBuildConfiguration;
			buildSettings = {
				BUNDLE_LOADER = "$(TEST_HOST)";
				FRAMEWORK_SEARCH_PATHS = (
					"$(SDKROOT)/Developer/Library/Frameworks",
					"$(inherited)",
				);
				GCC_PREPROCESSOR_DEFINITIONS = (
					"DEBUG=1",
					"$(inherited)",
				);
				INFOPLIST_FILE = "New Orleans In PicturesTests/Info.plist";
				LD_RUNPATH_SEARCH_PATHS = "$(inherited) @executable_path/Frameworks @loader_path/Frameworks";
				PRODUCT_NAME = "$(TARGET_NAME)";
				TEST_HOST = "$(BUILT_PRODUCTS_DIR)/New Orleans In Pictures.app/New Orleans In Pictures";
			};
			name = Debug;
		};
		8CE2CAFE1AEA2BC60032F74D /* Release */ = {
			isa = XCBuildConfiguration;
			buildSettings = {
				BUNDLE_LOADER = "$(TEST_HOST)";
				FRAMEWORK_SEARCH_PATHS = (
					"$(SDKROOT)/Developer/Library/Frameworks",
					"$(inherited)",
				);
				INFOPLIST_FILE = "New Orleans In PicturesTests/Info.plist";
				LD_RUNPATH_SEARCH_PATHS = "$(inherited) @executable_path/Frameworks @loader_path/Frameworks";
				PRODUCT_NAME = "$(TARGET_NAME)";
				TEST_HOST = "$(BUILT_PRODUCTS_DIR)/New Orleans In Pictures.app/New Orleans In Pictures";
			};
			name = Release;
		};
		9873DF731B276C1F008FE5EF /* Debug */ = {
			isa = XCBuildConfiguration;
			buildSettings = {
				ASSETCATALOG_COMPILER_APPICON_NAME = AppIcon;
				GCC_PREPROCESSOR_DEFINITIONS = (
					"DEBUG=1",
					"$(inherited)",
				);
				IBSC_MODULE = New_Orleans_In_Pictures_WatchKit_Extension;
				INFOPLIST_FILE = "New Orleans In Pictures WatchKit App/Info.plist";
				IPHONEOS_DEPLOYMENT_TARGET = 8.2;
				PRODUCT_NAME = "$(TARGET_NAME)";
				SKIP_INSTALL = YES;
				TARGETED_DEVICE_FAMILY = 4;
				"TARGETED_DEVICE_FAMILY[sdk=iphonesimulator*]" = "1,4";
			};
			name = Debug;
		};
		9873DF741B276C1F008FE5EF /* Release */ = {
			isa = XCBuildConfiguration;
			buildSettings = {
				ASSETCATALOG_COMPILER_APPICON_NAME = AppIcon;
				IBSC_MODULE = New_Orleans_In_Pictures_WatchKit_Extension;
				INFOPLIST_FILE = "New Orleans In Pictures WatchKit App/Info.plist";
				IPHONEOS_DEPLOYMENT_TARGET = 8.2;
				PRODUCT_NAME = "$(TARGET_NAME)";
				SKIP_INSTALL = YES;
				TARGETED_DEVICE_FAMILY = 4;
				"TARGETED_DEVICE_FAMILY[sdk=iphonesimulator*]" = "1,4";
			};
			name = Release;
		};
		9873DF761B276C1F008FE5EF /* Debug */ = {
			isa = XCBuildConfiguration;
			buildSettings = {
				CODE_SIGN_ENTITLEMENTS = "New Orleans In Pictures WatchKit Extension/New Orleans In Pictures WatchKit Extension.entitlements";
				CODE_SIGN_IDENTITY = "iPhone Developer";
				"CODE_SIGN_IDENTITY[sdk=iphoneos*]" = "iPhone Developer";
				GCC_PREPROCESSOR_DEFINITIONS = (
					"DEBUG=1",
					"$(inherited)",
				);
				INFOPLIST_FILE = "New Orleans In Pictures WatchKit Extension/Info.plist";
				LD_RUNPATH_SEARCH_PATHS = "$(inherited) @executable_path/Frameworks @executable_path/../../Frameworks";
				PRODUCT_NAME = "${TARGET_NAME}";
				PROVISIONING_PROFILE = "";
				SKIP_INSTALL = YES;
			};
			name = Debug;
		};
		9873DF771B276C1F008FE5EF /* Release */ = {
			isa = XCBuildConfiguration;
			buildSettings = {
				CODE_SIGN_ENTITLEMENTS = "New Orleans In Pictures WatchKit Extension/New Orleans In Pictures WatchKit Extension.entitlements";
				CODE_SIGN_IDENTITY = "iPhone Developer";
				"CODE_SIGN_IDENTITY[sdk=iphoneos*]" = "iPhone Developer";
				INFOPLIST_FILE = "New Orleans In Pictures WatchKit Extension/Info.plist";
				LD_RUNPATH_SEARCH_PATHS = "$(inherited) @executable_path/Frameworks @executable_path/../../Frameworks";
				PRODUCT_NAME = "${TARGET_NAME}";
				PROVISIONING_PROFILE = "";
				SKIP_INSTALL = YES;
			};
			name = Release;
		};
		9873DFA51B27A9A3008FE5EF /* Debug */ = {
			isa = XCBuildConfiguration;
			buildSettings = {
				CLANG_ENABLE_MODULES = YES;
				CODE_SIGN_IDENTITY = "iPhone Developer";
				"CODE_SIGN_IDENTITY[sdk=iphoneos*]" = "iPhone Developer";
				CURRENT_PROJECT_VERSION = 1;
				DEFINES_MODULE = YES;
				DYLIB_COMPATIBILITY_VERSION = 1;
				DYLIB_CURRENT_VERSION = 1;
				DYLIB_INSTALL_NAME_BASE = "@rpath";
				GCC_PREPROCESSOR_DEFINITIONS = (
					"DEBUG=1",
					"$(inherited)",
				);
				INFOPLIST_FILE = CityKit/Info.plist;
				INSTALL_PATH = "$(LOCAL_LIBRARY_DIR)/Frameworks";
				LD_RUNPATH_SEARCH_PATHS = "$(inherited) @executable_path/Frameworks @loader_path/Frameworks";
				PRODUCT_NAME = "$(TARGET_NAME)";
				SKIP_INSTALL = YES;
				SWIFT_OPTIMIZATION_LEVEL = "-Onone";
				VERSIONING_SYSTEM = "apple-generic";
				VERSION_INFO_PREFIX = "";
			};
			name = Debug;
		};
		9873DFA61B27A9A3008FE5EF /* Release */ = {
			isa = XCBuildConfiguration;
			buildSettings = {
				CLANG_ENABLE_MODULES = YES;
				CODE_SIGN_IDENTITY = "iPhone Developer";
				"CODE_SIGN_IDENTITY[sdk=iphoneos*]" = "iPhone Developer";
				CURRENT_PROJECT_VERSION = 1;
				DEFINES_MODULE = YES;
				DYLIB_COMPATIBILITY_VERSION = 1;
				DYLIB_CURRENT_VERSION = 1;
				DYLIB_INSTALL_NAME_BASE = "@rpath";
				INFOPLIST_FILE = CityKit/Info.plist;
				INSTALL_PATH = "$(LOCAL_LIBRARY_DIR)/Frameworks";
				LD_RUNPATH_SEARCH_PATHS = "$(inherited) @executable_path/Frameworks @loader_path/Frameworks";
				PRODUCT_NAME = "$(TARGET_NAME)";
				SKIP_INSTALL = YES;
				VERSIONING_SYSTEM = "apple-generic";
				VERSION_INFO_PREFIX = "";
			};
			name = Release;
		};
		9873DFA91B27A9A3008FE5EF /* Debug */ = {
			isa = XCBuildConfiguration;
			buildSettings = {
				FRAMEWORK_SEARCH_PATHS = (
					"$(SDKROOT)/Developer/Library/Frameworks",
					"$(inherited)",
				);
				GCC_PREPROCESSOR_DEFINITIONS = (
					"DEBUG=1",
					"$(inherited)",
				);
				INFOPLIST_FILE = CityKitTests/Info.plist;
				LD_RUNPATH_SEARCH_PATHS = "$(inherited) @executable_path/Frameworks @loader_path/Frameworks";
				PRODUCT_NAME = "$(TARGET_NAME)";
				TEST_HOST = "$(BUILT_PRODUCTS_DIR)/New Orleans In Pictures.app/New Orleans In Pictures";
			};
			name = Debug;
		};
		9873DFAA1B27A9A3008FE5EF /* Release */ = {
			isa = XCBuildConfiguration;
			buildSettings = {
				FRAMEWORK_SEARCH_PATHS = (
					"$(SDKROOT)/Developer/Library/Frameworks",
					"$(inherited)",
				);
				INFOPLIST_FILE = CityKitTests/Info.plist;
				LD_RUNPATH_SEARCH_PATHS = "$(inherited) @executable_path/Frameworks @loader_path/Frameworks";
				PRODUCT_NAME = "$(TARGET_NAME)";
				TEST_HOST = "$(BUILT_PRODUCTS_DIR)/New Orleans In Pictures.app/New Orleans In Pictures";
			};
			name = Release;
		};
/* End XCBuildConfiguration section */

/* Begin XCConfigurationList section */
		8CE2CAD21AEA2BC60032F74D /* Build configuration list for PBXProject "New Orleans In Pictures" */ = {
			isa = XCConfigurationList;
			buildConfigurations = (
				8CE2CAF71AEA2BC60032F74D /* Debug */,
				8CE2CAF81AEA2BC60032F74D /* Release */,
			);
			defaultConfigurationIsVisible = 0;
			defaultConfigurationName = Release;
		};
		8CE2CAF91AEA2BC60032F74D /* Build configuration list for PBXNativeTarget "New Orleans In Pictures" */ = {
			isa = XCConfigurationList;
			buildConfigurations = (
				8CE2CAFA1AEA2BC60032F74D /* Debug */,
				8CE2CAFB1AEA2BC60032F74D /* Release */,
			);
			defaultConfigurationIsVisible = 0;
			defaultConfigurationName = Release;
		};
		8CE2CAFC1AEA2BC60032F74D /* Build configuration list for PBXNativeTarget "New Orleans In PicturesTests" */ = {
			isa = XCConfigurationList;
			buildConfigurations = (
				8CE2CAFD1AEA2BC60032F74D /* Debug */,
				8CE2CAFE1AEA2BC60032F74D /* Release */,
			);
			defaultConfigurationIsVisible = 0;
			defaultConfigurationName = Release;
		};
		9873DF721B276C1F008FE5EF /* Build configuration list for PBXNativeTarget "New Orleans In Pictures WatchKit App" */ = {
			isa = XCConfigurationList;
			buildConfigurations = (
				9873DF731B276C1F008FE5EF /* Debug */,
				9873DF741B276C1F008FE5EF /* Release */,
			);
			defaultConfigurationIsVisible = 0;
			defaultConfigurationName = Release;
		};
		9873DF751B276C1F008FE5EF /* Build configuration list for PBXNativeTarget "New Orleans In Pictures WatchKit Extension" */ = {
			isa = XCConfigurationList;
			buildConfigurations = (
				9873DF761B276C1F008FE5EF /* Debug */,
				9873DF771B276C1F008FE5EF /* Release */,
			);
			defaultConfigurationIsVisible = 0;
			defaultConfigurationName = Release;
		};
		9873DFA41B27A9A3008FE5EF /* Build configuration list for PBXNativeTarget "CityKit" */ = {
			isa = XCConfigurationList;
			buildConfigurations = (
				9873DFA51B27A9A3008FE5EF /* Debug */,
				9873DFA61B27A9A3008FE5EF /* Release */,
			);
			defaultConfigurationIsVisible = 0;
			defaultConfigurationName = Release;
		};
		9873DFA81B27A9A3008FE5EF /* Build configuration list for PBXNativeTarget "CityKitTests" */ = {
			isa = XCConfigurationList;
			buildConfigurations = (
				9873DFA91B27A9A3008FE5EF /* Debug */,
				9873DFAA1B27A9A3008FE5EF /* Release */,
			);
			defaultConfigurationIsVisible = 0;
			defaultConfigurationName = Release;
		};
/* End XCConfigurationList section */

/* Begin XCVersionGroup section */
		8CE2CADE1AEA2BC60032F74D /* New_Orleans_In_Pictures.xcdatamodeld */ = {
			isa = XCVersionGroup;
			children = (
				8CE2CADF1AEA2BC60032F74D /* New_Orleans_In_Pictures.xcdatamodel */,
			);
			currentVersion = 8CE2CADF1AEA2BC60032F74D /* New_Orleans_In_Pictures.xcdatamodel */;
			name = New_Orleans_In_Pictures.xcdatamodeld;
			path = "../New Orleans In Pictures/New_Orleans_In_Pictures.xcdatamodeld";
			sourceTree = "<group>";
			versionGroupType = wrapper.xcdatamodel;
		};
/* End XCVersionGroup section */
	};
	rootObject = 8CE2CACF1AEA2BC60032F74D /* Project object */;
}
